# This file is automatically @generated by Cargo.
# It is not intended for manual editing.
version = 4

[[package]]
name = "compiler_builtins"
version = "0.1.139"
source = "registry+https://github.com/rust-lang/crates.io-index"
checksum = "7925a77545f37a18e152a4aeaeb9a220309022067cafcfa2ecebe9ec55d36ccb"

[[package]]
name = "encore"
version = "0.1.0"
dependencies = [
 "compiler_builtins",
 "rlibc",
]

[[package]]
name = "rlibc"
version = "1.0.0"
source = "registry+https://github.com/rust-lang/crates.io-index"
checksum = "fc874b127765f014d792f16763a81245ab80500e2ad921ed4ee9e82481ee08fe"
